
Microsoft Visual Studio Solution File, Format Version 12.00
# Visual Studio Version 17
VisualStudioVersion = 17.2.32616.157
MinimumVisualStudioVersion = 10.0.40219.1
Project("{2150E333-8FDC-42A3-9474-1A3956D46DE8}") = "Solution Items", "Solution Items", "{CB8998F4-3CE3-41B9-9F70-BC6723BFA35F}"
	ProjectSection(SolutionItems) = preProject
		.editorconfig = .editorconfig
	EndProjectSection
EndProject
Project("{9A19103F-16F7-4668-BE54-9A1E7A4F7556}") = "Demo.Crawler", "Demo.Crawler\Demo.Crawler.csproj", "{C6C8F422-C18B-44CF-8F54-FE16E955035F}"
EndProject
Project("{9A19103F-16F7-4668-BE54-9A1E7A4F7556}") = "Demo.CoreData", "Demo.CoreData\Demo.CoreData.csproj", "{50884E82-6EC3-4CD1-B86F-ED2CD10B9DAF}"
EndProject
Project("{9A19103F-16F7-4668-BE54-9A1E7A4F7556}") = "Demo.News", "Demo.News\Demo.News.csproj", "{9F661F13-6EF9-47FD-89E0-D2995A82605A}"
EndProject
Global
	GlobalSection(SolutionConfigurationPlatforms) = preSolution
		Debug|Any CPU = Debug|Any CPU
		Release|Any CPU = Release|Any CPU
	EndGlobalSection
	GlobalSection(ProjectConfigurationPlatforms) = postSolution
		{C6C8F422-C18B-44CF-8F54-FE16E955035F}.Debug|Any CPU.ActiveCfg = Debug|Any CPU
		{C6C8F422-C18B-44CF-8F54-FE16E955035F}.Debug|Any CPU.Build.0 = Debug|Any CPU
		{C6C8F422-C18B-44CF-8F54-FE16E955035F}.Release|Any CPU.ActiveCfg = Release|Any CPU
		{C6C8F422-C18B-44CF-8F54-FE16E955035F}.Release|Any CPU.Build.0 = Release|Any CPU
		{50884E82-6EC3-4CD1-B86F-ED2CD10B9DAF}.Debug|Any CPU.ActiveCfg = Debug|Any CPU
		{50884E82-6EC3-4CD1-B86F-ED2CD10B9DAF}.Debug|Any CPU.Build.0 = Debug|Any CPU
		{50884E82-6EC3-4CD1-B86F-ED2CD10B9DAF}.Release|Any CPU.ActiveCfg = Release|Any CPU
		{50884E82-6EC3-4CD1-B86F-ED2CD10B9DAF}.Release|Any CPU.Build.0 = Release|Any CPU
		{9F661F13-6EF9-47FD-89E0-D2995A82605A}.Debug|Any CPU.ActiveCfg = Debug|Any CPU
		{9F661F13-6EF9-47FD-89E0-D2995A82605A}.Debug|Any CPU.Build.0 = Debug|Any CPU
		{9F661F13-6EF9-47FD-89E0-D2995A82605A}.Release|Any CPU.ActiveCfg = Release|Any CPU
		{9F661F13-6EF9-47FD-89E0-D2995A82605A}.Release|Any CPU.Build.0 = Release|Any CPU
	EndGlobalSection
	GlobalSection(SolutionProperties) = preSolution
		HideSolutionNode = FALSE
	EndGlobalSection
	GlobalSection(ExtensibilityGlobals) = postSolution
		SolutionGuid = {03EF5B0C-E68B-4A43-B44F-2813DF9B38C6}
	EndGlobalSection
EndGlobal
